
Microsoft Visual Studio Solution File, Format Version 12.00
# Visual Studio Version 16
VisualStudioVersion = 16.0.30128.74
MinimumVisualStudioVersion = 10.0.40219.1
Project("{FAE04EC0-301F-11D3-BF4B-00C04F79EFBC}") = "WindowsFormsApp3", "WindowsFormsApp3\WindowsFormsApp3.csproj", "{D91CF305-DF0F-4761-88E1-09E075D4F903}"
EndProject
Global
	GlobalSection(SolutionConfigurationPlatforms) = preSolution
		Debug|Any CPU = Debug|Any CPU
		Release|Any CPU = Release|Any CPU
	EndGlobalSection
	GlobalSection(ProjectConfigurationPlatforms) = postSolution
		{D91CF305-DF0F-4761-88E1-09E075D4F903}.Debug|Any CPU.ActiveCfg = Debug|Any CPU
		{D91CF305-DF0F-4761-88E1-09E075D4F903}.Debug|Any CPU.Build.0 = Debug|Any CPU
		{D91CF305-DF0F-4761-88E1-09E075D4F903}.Release|Any CPU.ActiveCfg = Release|Any CPU
		{D91CF305-DF0F-4761-88E1-09E075D4F903}.Release|Any CPU.Build.0 = Release|Any CPU
	EndGlobalSection
	GlobalSection(SolutionProperties) = preSolution
		HideSolutionNode = FALSE
	EndGlobalSection
	GlobalSection(ExtensibilityGlobals) = postSolution
		SolutionGuid = {9A2B3426-0BC2-40A5-A8E8-3293A64E6EF8}
	EndGlobalSection
EndGlobal
